
Microsoft Visual Studio Solution File, Format Version 12.00
# Visual Studio Version 17
VisualStudioVersion = 17.5.002.0
MinimumVisualStudioVersion = 10.0.40219.1
Project("{9A19103F-16F7-4668-BE54-9A1E7A4F7556}") = "DesafioProjetoHospedagem", "DesafioProjetoHospedagem.csproj", "{CF70E9F4-40F9-4229-9071-CFB99BF2CC43}"
EndProject
Global
	GlobalSection(SolutionConfigurationPlatforms) = preSolution
		Debug|Any CPU = Debug|Any CPU
		Release|Any CPU = Release|Any CPU
	EndGlobalSection
	GlobalSection(ProjectConfigurationPlatforms) = postSolution
		{CF70E9F4-40F9-4229-9071-CFB99BF2CC43}.Debug|Any CPU.ActiveCfg = Debug|Any CPU
		{CF70E9F4-40F9-4229-9071-CFB99BF2CC43}.Debug|Any CPU.Build.0 = Debug|Any CPU
		{CF70E9F4-40F9-4229-9071-CFB99BF2CC43}.Release|Any CPU.ActiveCfg = Release|Any CPU
		{CF70E9F4-40F9-4229-9071-CFB99BF2CC43}.Release|Any CPU.Build.0 = Release|Any CPU
	EndGlobalSection
	GlobalSection(SolutionProperties) = preSolution
		HideSolutionNode = FALSE
	EndGlobalSection
	GlobalSection(ExtensibilityGlobals) = postSolution
		SolutionGuid = {D79196AA-14D4-469D-B51E-759E391E7D27}
	EndGlobalSection
EndGlobal
